
Microsoft Visual Studio Solution File, Format Version 12.00
# Visual Studio 16
Project("{FAE04EC0-301F-11D3-BF4B-00C04F79EFBC}") = "AstarPathfindingProject", "AstarPathfindingProject.csproj", "{6293FDC5-1ABA-32D7-171F-C66AE20BF0DB}"
EndProject
Project("{FAE04EC0-301F-11D3-BF4B-00C04F79EFBC}") = "Assembly-CSharp", "Assembly-CSharp.csproj", "{395042F4-41C9-7525-E87A-A158460BC1B6}"
EndProject
Project("{FAE04EC0-301F-11D3-BF4B-00C04F79EFBC}") = "AstarPathfindingProjectEditor", "AstarPathfindingProjectEditor.csproj", "{905A6601-7816-9F29-2D68-7D5762EB0407}"
EndProject
Project("{FAE04EC0-301F-11D3-BF4B-00C04F79EFBC}") = "PackageToolsEditor", "PackageToolsEditor.csproj", "{6A4D3378-2FA5-7982-A778-BEEDEBBACE48}"
EndProject
Project("{FAE04EC0-301F-11D3-BF4B-00C04F79EFBC}") = "Assembly-CSharp-Editor", "Assembly-CSharp-Editor.csproj", "{478B1791-6EFA-B78B-9664-EF98F8B224EE}"
EndProject
Global
	GlobalSection(SolutionConfigurationPlatforms) = preSolution
		Debug|Any CPU = Debug|Any CPU
		Release|Any CPU = Release|Any CPU
	EndGlobalSection
	GlobalSection(ProjectConfigurationPlatforms) = postSolution
		{6293FDC5-1ABA-32D7-171F-C66AE20BF0DB}.Debug|Any CPU.ActiveCfg = Debug|Any CPU
		{6293FDC5-1ABA-32D7-171F-C66AE20BF0DB}.Debug|Any CPU.Build.0 = Debug|Any CPU
		{6293FDC5-1ABA-32D7-171F-C66AE20BF0DB}.Release|Any CPU.ActiveCfg = Release|Any CPU
		{6293FDC5-1ABA-32D7-171F-C66AE20BF0DB}.Release|Any CPU.Build.0 = Release|Any CPU
		{395042F4-41C9-7525-E87A-A158460BC1B6}.Debug|Any CPU.ActiveCfg = Debug|Any CPU
		{395042F4-41C9-7525-E87A-A158460BC1B6}.Debug|Any CPU.Build.0 = Debug|Any CPU
		{395042F4-41C9-7525-E87A-A158460BC1B6}.Release|Any CPU.ActiveCfg = Release|Any CPU
		{395042F4-41C9-7525-E87A-A158460BC1B6}.Release|Any CPU.Build.0 = Release|Any CPU
		{905A6601-7816-9F29-2D68-7D5762EB0407}.Debug|Any CPU.ActiveCfg = Debug|Any CPU
		{905A6601-7816-9F29-2D68-7D5762EB0407}.Debug|Any CPU.Build.0 = Debug|Any CPU
		{905A6601-7816-9F29-2D68-7D5762EB0407}.Release|Any CPU.ActiveCfg = Release|Any CPU
		{905A6601-7816-9F29-2D68-7D5762EB0407}.Release|Any CPU.Build.0 = Release|Any CPU
		{6A4D3378-2FA5-7982-A778-BEEDEBBACE48}.Debug|Any CPU.ActiveCfg = Debug|Any CPU
		{6A4D3378-2FA5-7982-A778-BEEDEBBACE48}.Debug|Any CPU.Build.0 = Debug|Any CPU
		{6A4D3378-2FA5-7982-A778-BEEDEBBACE48}.Release|Any CPU.ActiveCfg = Release|Any CPU
		{6A4D3378-2FA5-7982-A778-BEEDEBBACE48}.Release|Any CPU.Build.0 = Release|Any CPU
		{478B1791-6EFA-B78B-9664-EF98F8B224EE}.Debug|Any CPU.ActiveCfg = Debug|Any CPU
		{478B1791-6EFA-B78B-9664-EF98F8B224EE}.Debug|Any CPU.Build.0 = Debug|Any CPU
		{478B1791-6EFA-B78B-9664-EF98F8B224EE}.Release|Any CPU.ActiveCfg = Release|Any CPU
		{478B1791-6EFA-B78B-9664-EF98F8B224EE}.Release|Any CPU.Build.0 = Release|Any CPU
	EndGlobalSection
	GlobalSection(SolutionProperties) = preSolution
		HideSolutionNode = FALSE
	EndGlobalSection
EndGlobal
